// !$*UTF8*$!
{
	archiveVersion = 1;
	classes = {
	};
	objectVersion = 50;
	objects = {

/* Begin PBXBuildFile section */
		8D1571B324459248008F2163 /* AppDelegate.swift in Sources */ = {isa = PBXBuildFile; fileRef = 8D1571B224459248008F2163 /* AppDelegate.swift */; };
		8D1571B724459248008F2163 /* MainViewController.swift in Sources */ = {isa = PBXBuildFile; fileRef = 8D1571B624459248008F2163 /* MainViewController.swift */; };
		8D1571BA24459248008F2163 /* Main.storyboard in Resources */ = {isa = PBXBuildFile; fileRef = 8D1571B824459248008F2163 /* Main.storyboard */; };
		8D1571BC2445924A008F2163 /* Assets.xcassets in Resources */ = {isa = PBXBuildFile; fileRef = 8D1571BB2445924A008F2163 /* Assets.xcassets */; };
		8D1571BF2445924A008F2163 /* LaunchScreen.storyboard in Resources */ = {isa = PBXBuildFile; fileRef = 8D1571BD2445924A008F2163 /* LaunchScreen.storyboard */; };
		8D1571C92445A5DD008F2163 /* DetailViewController.swift in Sources */ = {isa = PBXBuildFile; fileRef = 8D1571C82445A5DD008F2163 /* DetailViewController.swift */; };
		8D1571CC2445A675008F2163 /* CustomCell.swift in Sources */ = {isa = PBXBuildFile; fileRef = 8D1571CA2445A675008F2163 /* CustomCell.swift */; };
		8D1571CD2445A675008F2163 /* CustomCell.xib in Resources */ = {isa = PBXBuildFile; fileRef = 8D1571CB2445A675008F2163 /* CustomCell.xib */; };
		8D1571D32445A720008F2163 /* DataImage.swift in Sources */ = {isa = PBXBuildFile; fileRef = 8D1571D22445A720008F2163 /* DataImage.swift */; };
		8D1571D52445A748008F2163 /* ServerConnection.swift in Sources */ = {isa = PBXBuildFile; fileRef = 8D1571D42445A748008F2163 /* ServerConnection.swift */; };
		8DB572BA2446143800D4D93B /* FileManager.swift in Sources */ = {isa = PBXBuildFile; fileRef = 8DB572B92446143800D4D93B /* FileManager.swift */; };
/* End PBXBuildFile section */

/* Begin PBXFileReference section */
		8D1571AF24459248008F2163 /* Server_Communication.app */ = {isa = PBXFileReference; explicitFileType = wrapper.application; includeInIndex = 0; path = Server_Communication.app; sourceTree = BUILT_PRODUCTS_DIR; };
		8D1571B224459248008F2163 /* AppDelegate.swift */ = {isa = PBXFileReference; lastKnownFileType = sourcecode.swift; path = AppDelegate.swift; sourceTree = "<group>"; };
		8D1571B624459248008F2163 /* MainViewController.swift */ = {isa = PBXFileReference; lastKnownFileType = sourcecode.swift; path = MainViewController.swift; sourceTree = "<group>"; };
		8D1571B924459248008F2163 /* Base */ = {isa = PBXFileReference; lastKnownFileType = file.storyboard; name = Base; path = Base.lproj/Main.storyboard; sourceTree = "<group>"; };
		8D1571BB2445924A008F2163 /* Assets.xcassets */ = {isa = PBXFileReference; lastKnownFileType = folder.assetcatalog; path = Assets.xcassets; sourceTree = "<group>"; };
		8D1571BE2445924A008F2163 /* Base */ = {isa = PBXFileReference; lastKnownFileType = file.storyboard; name = Base; path = Base.lproj/LaunchScreen.storyboard; sourceTree = "<group>"; };
		8D1571C02445924A008F2163 /* Info.plist */ = {isa = PBXFileReference; lastKnownFileType = text.plist.xml; path = Info.plist; sourceTree = "<group>"; };
		8D1571C82445A5DD008F2163 /* DetailViewController.swift */ = {isa = PBXFileReference; lastKnownFileType = sourcecode.swift; path = DetailViewController.swift; sourceTree = "<group>"; };
		8D1571CA2445A675008F2163 /* CustomCell.swift */ = {isa = PBXFileReference; lastKnownFileType = sourcecode.swift; path = CustomCell.swift; sourceTree = "<group>"; };
		8D1571CB2445A675008F2163 /* CustomCell.xib */ = {isa = PBXFileReference; lastKnownFileType = file.xib; path = CustomCell.xib; sourceTree = "<group>"; };
		8D1571D22445A720008F2163 /* DataImage.swift */ = {isa = PBXFileReference; lastKnownFileType = sourcecode.swift; path = DataImage.swift; sourceTree = "<group>"; };
		8D1571D42445A748008F2163 /* ServerConnection.swift */ = {isa = PBXFileReference; lastKnownFileType = sourcecode.swift; path = ServerConnection.swift; sourceTree = "<group>"; };
		8DB572B92446143800D4D93B /* FileManager.swift */ = {isa = PBXFileReference; lastKnownFileType = sourcecode.swift; path = FileManager.swift; sourceTree = "<group>"; };
/* End PBXFileReference section */

/* Begin PBXFrameworksBuildPhase section */
		8D1571AC24459248008F2163 /* Frameworks */ = {
			isa = PBXFrameworksBuildPhase;
			buildActionMask = 2147483647;
			files = (
			);
			runOnlyForDeploymentPostprocessing = 0;
		};
/* End PBXFrameworksBuildPhase section */

/* Begin PBXGroup section */
		8D1571A624459248008F2163 = {
			isa = PBXGroup;
			children = (
				8D1571B124459248008F2163 /* Server_Communication */,
				8D1571B024459248008F2163 /* Products */,
			);
			sourceTree = "<group>";
		};
		8D1571B024459248008F2163 /* Products */ = {
			isa = PBXGroup;
			children = (
				8D1571AF24459248008F2163 /* Server_Communication.app */,
			);
			name = Products;
			sourceTree = "<group>";
		};
		8D1571B124459248008F2163 /* Server_Communication */ = {
			isa = PBXGroup;
			children = (
				8D1571D12445A6FA008F2163 /* Controller */,
				8D1571D02445A6F4008F2163 /* View */,
				8D1571CF2445A6ED008F2163 /* Model */,
				8D1571CE2445A6DD008F2163 /* Service */,
				8D1571B224459248008F2163 /* AppDelegate.swift */,
				8D1571B824459248008F2163 /* Main.storyboard */,
				8D1571BB2445924A008F2163 /* Assets.xcassets */,
				8D1571BD2445924A008F2163 /* LaunchScreen.storyboard */,
				8D1571C02445924A008F2163 /* Info.plist */,
			);
			path = Server_Communication;
			sourceTree = "<group>";
		};
		8D1571CE2445A6DD008F2163 /* Service */ = {
			isa = PBXGroup;
			children = (
				8D1571D42445A748008F2163 /* ServerConnection.swift */,
				8DB572B92446143800D4D93B /* FileManager.swift */,
			);
			path = Service;
			sourceTree = "<group>";
		};
		8D1571CF2445A6ED008F2163 /* Model */ = {
			isa = PBXGroup;
			children = (
				8D1571D22445A720008F2163 /* DataImage.swift */,
			);
			path = Model;
			sourceTree = "<group>";
		};
		8D1571D02445A6F4008F2163 /* View */ = {
			isa = PBXGroup;
			children = (
				8D1571CA2445A675008F2163 /* CustomCell.swift */,
				8D1571CB2445A675008F2163 /* CustomCell.xib */,
			);
			path = View;
			sourceTree = "<group>";
		};
		8D1571D12445A6FA008F2163 /* Controller */ = {
			isa = PBXGroup;
			children = (
				8D1571B624459248008F2163 /* MainViewController.swift */,
				8D1571C82445A5DD008F2163 /* DetailViewController.swift */,
			);
			path = Controller;
			sourceTree = "<group>";
		};
/* End PBXGroup section */

/* Begin PBXNativeTarget section */
		8D1571AE24459248008F2163 /* Server_Communication */ = {
			isa = PBXNativeTarget;
			buildConfigurationList = 8D1571C32445924A008F2163 /* Build configuration list for PBXNativeTarget "Server_Communication" */;
			buildPhases = (
				8D1571AB24459248008F2163 /* Sources */,
				8D1571AC24459248008F2163 /* Frameworks */,
				8D1571AD24459248008F2163 /* Resources */,
			);
			buildRules = (
			);
			dependencies = (
			);
			name = Server_Communication;
			productName = Server_Communication;
			productReference = 8D1571AF24459248008F2163 /* Server_Communication.app */;
			productType = "com.apple.product-type.application";
		};
/* End PBXNativeTarget section */

/* Begin PBXProject section */
		8D1571A724459248008F2163 /* Project object */ = {
			isa = PBXProject;
			attributes = {
				LastSwiftUpdateCheck = 1140;
				LastUpgradeCheck = 1140;
				ORGANIZATIONNAME = "Cuong  Pham";
				TargetAttributes = {
					8D1571AE24459248008F2163 = {
						CreatedOnToolsVersion = 11.4;
					};
				};
			};
			buildConfigurationList = 8D1571AA24459248008F2163 /* Build configuration list for PBXProject "Server_Communication" */;
			compatibilityVersion = "Xcode 9.3";
			developmentRegion = en;
			hasScannedForEncodings = 0;
			knownRegions = (
				en,
				Base,
			);
			mainGroup = 8D1571A624459248008F2163;
			productRefGroup = 8D1571B024459248008F2163 /* Products */;
			projectDirPath = "";
			projectRoot = "";
			targets = (
				8D1571AE24459248008F2163 /* Server_Communication */,
			);
		};
/* End PBXProject section */

/* Begin PBXResourcesBuildPhase section */
		8D1571AD24459248008F2163 /* Resources */ = {
			isa = PBXResourcesBuildPhase;
			buildActionMask = 2147483647;
			files = (
				8D1571BF2445924A008F2163 /* LaunchScreen.storyboard in Resources */,
				8D1571BC2445924A008F2163 /* Assets.xcassets in Resources */,
				8D1571CD2445A675008F2163 /* CustomCell.xib in Resources */,
				8D1571BA24459248008F2163 /* Main.storyboard in Resources */,
			);
			runOnlyForDeploymentPostprocessing = 0;
		};
/* End PBXResourcesBuildPhase section */

/* Begin PBXSourcesBuildPhase section */
		8D1571AB24459248008F2163 /* Sources */ = {
			isa = PBXSourcesBuildPhase;
			buildActionMask = 2147483647;
			files = (
				8D1571B724459248008F2163 /* MainViewController.swift in Sources */,
				8D1571D32445A720008F2163 /* DataImage.swift in Sources */,
				8D1571B324459248008F2163 /* AppDelegate.swift in Sources */,
				8DB572BA2446143800D4D93B /* FileManager.swift in Sources */,
				8D1571CC2445A675008F2163 /* CustomCell.swift in Sources */,
				8D1571D52445A748008F2163 /* ServerConnection.swift in Sources */,
				8D1571C92445A5DD008F2163 /* DetailViewController.swift in Sources */,
			);
			runOnlyForDeploymentPostprocessing = 0;
		};
/* End PBXSourcesBuildPhase section */

/* Begin PBXVariantGroup section */
		8D1571B824459248008F2163 /* Main.storyboard */ = {
			isa = PBXVariantGroup;
			children = (
				8D1571B924459248008F2163 /* Base */,
			);
			name = Main.storyboard;
			sourceTree = "<group>";
		};
		8D1571BD2445924A008F2163 /* LaunchScreen.storyboard */ = {
			isa = PBXVariantGroup;
			children = (
				8D1571BE2445924A008F2163 /* Base */,
			);
			name = LaunchScreen.storyboard;
			sourceTree = "<group>";
		};
/* End PBXVariantGroup section */

/* Begin XCBuildConfiguration section */
		8D1571C12445924A008F2163 /* Debug */ = {
			isa = XCBuildConfiguration;
			buildSettings = {
				ALWAYS_SEARCH_USER_PATHS = NO;
				CLANG_ANALYZER_NONNULL = YES;
				CLANG_ANALYZER_NUMBER_OBJECT_CONVERSION = YES_AGGRESSIVE;
				CLANG_CXX_LANGUAGE_STANDARD = "gnu++14";
				CLANG_CXX_LIBRARY = "libc++";
				CLANG_ENABLE_MODULES = YES;
				CLANG_ENABLE_OBJC_ARC = YES;
				CLANG_ENABLE_OBJC_WEAK = YES;
				CLANG_WARN_BLOCK_CAPTURE_AUTORELEASING = YES;
				CLANG_WARN_BOOL_CONVERSION = YES;
				CLANG_WARN_COMMA = YES;
				CLANG_WARN_CONSTANT_CONVERSION = YES;
				CLANG_WARN_DEPRECATED_OBJC_IMPLEMENTATIONS = YES;
				CLANG_WARN_DIRECT_OBJC_ISA_USAGE = YES_ERROR;
				CLANG_WARN_DOCUMENTATION_COMMENTS = YES;
				CLANG_WARN_EMPTY_BODY = YES;
				CLANG_WARN_ENUM_CONVERSION = YES;
				CLANG_WARN_INFINITE_RECURSION = YES;
				CLANG_WARN_INT_CONVERSION = YES;
				CLANG_WARN_NON_LITERAL_NULL_CONVERSION = YES;
				CLANG_WARN_OBJC_IMPLICIT_RETAIN_SELF = YES;
				CLANG_WARN_OBJC_LITERAL_CONVERSION = YES;
				CLANG_WARN_OBJC_ROOT_CLASS = YES_ERROR;
				CLANG_WARN_RANGE_LOOP_ANALYSIS = YES;
				CLANG_WARN_STRICT_PROTOTYPES = YES;
				CLANG_WARN_SUSPICIOUS_MOVE = YES;
				CLANG_WARN_UNGUARDED_AVAILABILITY = YES_AGGRESSIVE;
				CLANG_WARN_UNREACHABLE_CODE = YES;
				CLANG_WARN__DUPLICATE_METHOD_MATCH = YES;
				COPY_PHASE_STRIP = NO;
				DEBUG_INFORMATION_FORMAT = dwarf;
				ENABLE_STRICT_OBJC_MSGSEND = YES;
				ENABLE_TESTABILITY = YES;
				GCC_C_LANGUAGE_STANDARD = gnu11;
				GCC_DYNAMIC_NO_PIC = NO;
				GCC_NO_COMMON_BLOCKS = YES;
				GCC_OPTIMIZATION_LEVEL = 0;
				GCC_PREPROCESSOR_DEFINITIONS = (
					"DEBUG=1",
					"$(inherited)",
				);
				GCC_WARN_64_TO_32_BIT_CONVERSION = YES;
				GCC_WARN_ABOUT_RETURN_TYPE = YES_ERROR;
				GCC_WARN_UNDECLARED_SELECTOR = YES;
				GCC_WARN_UNINITIALIZED_AUTOS = YES_AGGRESSIVE;
				GCC_WARN_UNUSED_FUNCTION = YES;
				GCC_WARN_UNUSED_VARIABLE = YES;
				IPHONEOS_DEPLOYMENT_TARGET = 13.4;
				MTL_ENABLE_DEBUG_INFO = INCLUDE_SOURCE;
				MTL_FAST_MATH = YES;
				ONLY_ACTIVE_ARCH = YES;
				SDKROOT = iphoneos;
				SWIFT_ACTIVE_COMPILATION_CONDITIONS = DEBUG;
				SWIFT_OPTIMIZATION_LEVEL = "-Onone";
			};
			name = Debug;
		};
		8D1571C22445924A008F2163 /* Release */ = {
			isa = XCBuildConfiguration;
			buildSettings = {
				ALWAYS_SEARCH_USER_PATHS = NO;
				CLANG_ANALYZER_NONNULL = YES;
				CLANG_ANALYZER_NUMBER_OBJECT_CONVERSION = YES_AGGRESSIVE;
				CLANG_CXX_LANGUAGE_STANDARD = "gnu++14";
				CLANG_CXX_LIBRARY = "libc++";
				CLANG_ENABLE_MODULES = YES;
				CLANG_ENABLE_OBJC_ARC = YES;
				CLANG_ENABLE_OBJC_WEAK = YES;
				CLANG_WARN_BLOCK_CAPTURE_AUTORELEASING = YES;
				CLANG_WARN_BOOL_CONVERSION = YES;
				CLANG_WARN_COMMA = YES;
				CLANG_WARN_CONSTANT_CONVERSION = YES;
				CLANG_WARN_DEPRECATED_OBJC_IMPLEMENTATIONS = YES;
				CLANG_WARN_DIRECT_OBJC_ISA_USAGE = YES_ERROR;
				CLANG_WARN_DOCUMENTATION_COMMENTS = YES;
				CLANG_WARN_EMPTY_BODY = YES;
				CLANG_WARN_ENUM_CONVERSION = YES;
				CLANG_WARN_INFINITE_RECURSION = YES;
				CLANG_WARN_INT_CONVERSION = YES;
				CLANG_WARN_NON_LITERAL_NULL_CONVERSION = YES;
				CLANG_WARN_OBJC_IMPLICIT_RETAIN_SELF = YES;
				CLANG_WARN_OBJC_LITERAL_CONVERSION = YES;
				CLANG_WARN_OBJC_ROOT_CLASS = YES_ERROR;
				CLANG_WARN_RANGE_LOOP_ANALYSIS = YES;
				CLANG_WARN_STRICT_PROTOTYPES = YES;
				CLANG_WARN_SUSPICIOUS_MOVE = YES;
				CLANG_WARN_UNGUARDED_AVAILABILITY = YES_AGGRESSIVE;
				CLANG_WARN_UNREACHABLE_CODE = YES;
				CLANG_WARN__DUPLICATE_METHOD_MATCH = YES;
				COPY_PHASE_STRIP = NO;
				DEBUG_INFORMATION_FORMAT = "dwarf-with-dsym";
				ENABLE_NS_ASSERTIONS = NO;
				ENABLE_STRICT_OBJC_MSGSEND = YES;
				GCC_C_LANGUAGE_STANDARD = gnu11;
				GCC_NO_COMMON_BLOCKS = YES;
				GCC_WARN_64_TO_32_BIT_CONVERSION = YES;
				GCC_WARN_ABOUT_RETURN_TYPE = YES_ERROR;
				GCC_WARN_UNDECLARED_SELECTOR = YES;
				GCC_WARN_UNINITIALIZED_AUTOS = YES_AGGRESSIVE;
				GCC_WARN_UNUSED_FUNCTION = YES;
				GCC_WARN_UNUSED_VARIABLE = YES;
				IPHONEOS_DEPLOYMENT_TARGET = 13.4;
				MTL_ENABLE_DEBUG_INFO = NO;
				MTL_FAST_MATH = YES;
				SDKROOT = iphoneos;
				SWIFT_COMPILATION_MODE = wholemodule;
				SWIFT_OPTIMIZATION_LEVEL = "-O";
				VALIDATE_PRODUCT = YES;
			};
			name = Release;
		};
		8D1571C42445924A008F2163 /* Debug */ = {
			isa = XCBuildConfiguration;
			buildSettings = {
				ASSETCATALOG_COMPILER_APPICON_NAME = AppIcon;
				CODE_SIGN_STYLE = Automatic;
				DEVELOPMENT_TEAM = XTDG966Y87;
				INFOPLIST_FILE = Server_Communication/Info.plist;
				LD_RUNPATH_SEARCH_PATHS = (
					"$(inherited)",
					"@executable_path/Frameworks",
				);
				PRODUCT_BUNDLE_IDENTIFIER = "com.cuongpham.Server-Communication";
				PRODUCT_NAME = "$(TARGET_NAME)";
				SWIFT_VERSION = 5.0;
				TARGETED_DEVICE_FAMILY = "1,2";
			};
			name = Debug;
		};
		8D1571C52445924A008F2163 /* Release */ = {
			isa = XCBuildConfiguration;
			buildSettings = {
				ASSETCATALOG_COMPILER_APPICON_NAME = AppIcon;
				CODE_SIGN_STYLE = Automatic;
				DEVELOPMENT_TEAM = XTDG966Y87;
				INFOPLIST_FILE = Server_Communication/Info.plist;
				LD_RUNPATH_SEARCH_PATHS = (
					"$(inherited)",
					"@executable_path/Frameworks",
				);
				PRODUCT_BUNDLE_IDENTIFIER = "com.cuongpham.Server-Communication";
				PRODUCT_NAME = "$(TARGET_NAME)";
				SWIFT_VERSION = 5.0;
				TARGETED_DEVICE_FAMILY = "1,2";
			};
			name = Release;
		};
/* End XCBuildConfiguration section */

/* Begin XCConfigurationList section */
		8D1571AA24459248008F2163 /* Build configuration list for PBXProject "Server_Communication" */ = {
			isa = XCConfigurationList;
			buildConfigurations = (
				8D1571C12445924A008F2163 /* Debug */,
				8D1571C22445924A008F2163 /* Release */,
			);
			defaultConfigurationIsVisible = 0;
			defaultConfigurationName = Release;
		};
		8D1571C32445924A008F2163 /* Build configuration list for PBXNativeTarget "Server_Communication" */ = {
			isa = XCConfigurationList;
			buildConfigurations = (
				8D1571C42445924A008F2163 /* Debug */,
				8D1571C52445924A008F2163 /* Release */,
			);
			defaultConfigurationIsVisible = 0;
			defaultConfigurationName = Release;
		};
/* End XCConfigurationList section */
	};
	rootObject = 8D1571A724459248008F2163 /* Project object */;
}
