// !$*UTF8*$!
{
	archiveVersion = 1;
	classes = {
	};
	objectVersion = 50;
	objects = {

/* Begin PBXBuildFile section */
		8D10DDE124379E8C002C6B30 /* AppDelegate.swift in Sources */ = {isa = PBXBuildFile; fileRef = 8D10DDE024379E8C002C6B30 /* AppDelegate.swift */; };
		8D10DDE524379E8C002C6B30 /* ViewController.swift in Sources */ = {isa = PBXBuildFile; fileRef = 8D10DDE424379E8C002C6B30 /* ViewController.swift */; };
		8D10DDE824379E8C002C6B30 /* Main.storyboard in Resources */ = {isa = PBXBuildFile; fileRef = 8D10DDE624379E8C002C6B30 /* Main.storyboard */; };
		8D10DDEA24379E8F002C6B30 /* Assets.xcassets in Resources */ = {isa = PBXBuildFile; fileRef = 8D10DDE924379E8F002C6B30 /* Assets.xcassets */; };
		8D10DDED24379E8F002C6B30 /* LaunchScreen.storyboard in Resources */ = {isa = PBXBuildFile; fileRef = 8D10DDEB24379E8F002C6B30 /* LaunchScreen.storyboard */; };
		8D800D38243835740017A0C2 /* CustomView.xib in Resources */ = {isa = PBXBuildFile; fileRef = 8D800D37243835740017A0C2 /* CustomView.xib */; };
		8D800D3A243837E00017A0C2 /* CustomView.swift in Sources */ = {isa = PBXBuildFile; fileRef = 8D800D39243837E00017A0C2 /* CustomView.swift */; };
		8D800D3C243841BF0017A0C2 /* ZeroView.xib in Resources */ = {isa = PBXBuildFile; fileRef = 8D800D3B243841BF0017A0C2 /* ZeroView.xib */; };
		8D800D3E243842330017A0C2 /* ZeroView.swift in Sources */ = {isa = PBXBuildFile; fileRef = 8D800D3D243842330017A0C2 /* ZeroView.swift */; };
/* End PBXBuildFile section */

/* Begin PBXFileReference section */
		8D10DDDD24379E8C002C6B30 /* Calculator_Excercise_1+2.app */ = {isa = PBXFileReference; explicitFileType = wrapper.application; includeInIndex = 0; path = "Calculator_Excercise_1+2.app"; sourceTree = BUILT_PRODUCTS_DIR; };
		8D10DDE024379E8C002C6B30 /* AppDelegate.swift */ = {isa = PBXFileReference; lastKnownFileType = sourcecode.swift; path = AppDelegate.swift; sourceTree = "<group>"; };
		8D10DDE424379E8C002C6B30 /* ViewController.swift */ = {isa = PBXFileReference; lastKnownFileType = sourcecode.swift; path = ViewController.swift; sourceTree = "<group>"; };
		8D10DDE724379E8C002C6B30 /* Base */ = {isa = PBXFileReference; lastKnownFileType = file.storyboard; name = Base; path = Base.lproj/Main.storyboard; sourceTree = "<group>"; };
		8D10DDE924379E8F002C6B30 /* Assets.xcassets */ = {isa = PBXFileReference; lastKnownFileType = folder.assetcatalog; path = Assets.xcassets; sourceTree = "<group>"; };
		8D10DDEC24379E8F002C6B30 /* Base */ = {isa = PBXFileReference; lastKnownFileType = file.storyboard; name = Base; path = Base.lproj/LaunchScreen.storyboard; sourceTree = "<group>"; };
		8D10DDEE24379E8F002C6B30 /* Info.plist */ = {isa = PBXFileReference; lastKnownFileType = text.plist.xml; path = Info.plist; sourceTree = "<group>"; };
		8D800D37243835740017A0C2 /* CustomView.xib */ = {isa = PBXFileReference; lastKnownFileType = file.xib; path = CustomView.xib; sourceTree = "<group>"; };
		8D800D39243837E00017A0C2 /* CustomView.swift */ = {isa = PBXFileReference; lastKnownFileType = sourcecode.swift; path = CustomView.swift; sourceTree = "<group>"; };
		8D800D3B243841BF0017A0C2 /* ZeroView.xib */ = {isa = PBXFileReference; lastKnownFileType = file.xib; path = ZeroView.xib; sourceTree = "<group>"; };
		8D800D3D243842330017A0C2 /* ZeroView.swift */ = {isa = PBXFileReference; lastKnownFileType = sourcecode.swift; path = ZeroView.swift; sourceTree = "<group>"; };
/* End PBXFileReference section */

/* Begin PBXFrameworksBuildPhase section */
		8D10DDDA24379E8C002C6B30 /* Frameworks */ = {
			isa = PBXFrameworksBuildPhase;
			buildActionMask = 2147483647;
			files = (
			);
			runOnlyForDeploymentPostprocessing = 0;
		};
/* End PBXFrameworksBuildPhase section */

/* Begin PBXGroup section */
		8D10DDD424379E8C002C6B30 = {
			isa = PBXGroup;
			children = (
				8D10DDDF24379E8C002C6B30 /* Calculator_Excercise_1+2 */,
				8D10DDDE24379E8C002C6B30 /* Products */,
			);
			sourceTree = "<group>";
		};
		8D10DDDE24379E8C002C6B30 /* Products */ = {
			isa = PBXGroup;
			children = (
				8D10DDDD24379E8C002C6B30 /* Calculator_Excercise_1+2.app */,
			);
			name = Products;
			sourceTree = "<group>";
		};
		8D10DDDF24379E8C002C6B30 /* Calculator_Excercise_1+2 */ = {
			isa = PBXGroup;
			children = (
				8D10DDE024379E8C002C6B30 /* AppDelegate.swift */,
				8D10DDE424379E8C002C6B30 /* ViewController.swift */,
				8D10DDE624379E8C002C6B30 /* Main.storyboard */,
				8D10DDE924379E8F002C6B30 /* Assets.xcassets */,
				8D10DDEB24379E8F002C6B30 /* LaunchScreen.storyboard */,
				8D10DDEE24379E8F002C6B30 /* Info.plist */,
				8D800D37243835740017A0C2 /* CustomView.xib */,
				8D800D39243837E00017A0C2 /* CustomView.swift */,
				8D800D3B243841BF0017A0C2 /* ZeroView.xib */,
				8D800D3D243842330017A0C2 /* ZeroView.swift */,
			);
			path = "Calculator_Excercise_1+2";
			sourceTree = "<group>";
		};
/* End PBXGroup section */

/* Begin PBXNativeTarget section */
		8D10DDDC24379E8C002C6B30 /* Calculator_Excercise_1+2 */ = {
			isa = PBXNativeTarget;
			buildConfigurationList = 8D10DDF124379E8F002C6B30 /* Build configuration list for PBXNativeTarget "Calculator_Excercise_1+2" */;
			buildPhases = (
				8D10DDD924379E8C002C6B30 /* Sources */,
				8D10DDDA24379E8C002C6B30 /* Frameworks */,
				8D10DDDB24379E8C002C6B30 /* Resources */,
			);
			buildRules = (
			);
			dependencies = (
			);
			name = "Calculator_Excercise_1+2";
			productName = "Calculator_Excercise_1+2";
			productReference = 8D10DDDD24379E8C002C6B30 /* Calculator_Excercise_1+2.app */;
			productType = "com.apple.product-type.application";
		};
/* End PBXNativeTarget section */

/* Begin PBXProject section */
		8D10DDD524379E8C002C6B30 /* Project object */ = {
			isa = PBXProject;
			attributes = {
				LastSwiftUpdateCheck = 1140;
				LastUpgradeCheck = 1140;
				ORGANIZATIONNAME = "Cuong  Pham";
				TargetAttributes = {
					8D10DDDC24379E8C002C6B30 = {
						CreatedOnToolsVersion = 11.4;
					};
				};
			};
			buildConfigurationList = 8D10DDD824379E8C002C6B30 /* Build configuration list for PBXProject "Calculator_Excercise_1+2" */;
			compatibilityVersion = "Xcode 9.3";
			developmentRegion = en;
			hasScannedForEncodings = 0;
			knownRegions = (
				en,
				Base,
			);
			mainGroup = 8D10DDD424379E8C002C6B30;
			productRefGroup = 8D10DDDE24379E8C002C6B30 /* Products */;
			projectDirPath = "";
			projectRoot = "";
			targets = (
				8D10DDDC24379E8C002C6B30 /* Calculator_Excercise_1+2 */,
			);
		};
/* End PBXProject section */

/* Begin PBXResourcesBuildPhase section */
		8D10DDDB24379E8C002C6B30 /* Resources */ = {
			isa = PBXResourcesBuildPhase;
			buildActionMask = 2147483647;
			files = (
				8D800D3C243841BF0017A0C2 /* ZeroView.xib in Resources */,
				8D10DDED24379E8F002C6B30 /* LaunchScreen.storyboard in Resources */,
				8D800D38243835740017A0C2 /* CustomView.xib in Resources */,
				8D10DDEA24379E8F002C6B30 /* Assets.xcassets in Resources */,
				8D10DDE824379E8C002C6B30 /* Main.storyboard in Resources */,
			);
			runOnlyForDeploymentPostprocessing = 0;
		};
/* End PBXResourcesBuildPhase section */

/* Begin PBXSourcesBuildPhase section */
		8D10DDD924379E8C002C6B30 /* Sources */ = {
			isa = PBXSourcesBuildPhase;
			buildActionMask = 2147483647;
			files = (
				8D800D3E243842330017A0C2 /* ZeroView.swift in Sources */,
				8D800D3A243837E00017A0C2 /* CustomView.swift in Sources */,
				8D10DDE524379E8C002C6B30 /* ViewController.swift in Sources */,
				8D10DDE124379E8C002C6B30 /* AppDelegate.swift in Sources */,
			);
			runOnlyForDeploymentPostprocessing = 0;
		};
/* End PBXSourcesBuildPhase section */

/* Begin PBXVariantGroup section */
		8D10DDE624379E8C002C6B30 /* Main.storyboard */ = {
			isa = PBXVariantGroup;
			children = (
				8D10DDE724379E8C002C6B30 /* Base */,
			);
			name = Main.storyboard;
			sourceTree = "<group>";
		};
		8D10DDEB24379E8F002C6B30 /* LaunchScreen.storyboard */ = {
			isa = PBXVariantGroup;
			children = (
				8D10DDEC24379E8F002C6B30 /* Base */,
			);
			name = LaunchScreen.storyboard;
			sourceTree = "<group>";
		};
/* End PBXVariantGroup section */

/* Begin XCBuildConfiguration section */
		8D10DDEF24379E8F002C6B30 /* Debug */ = {
			isa = XCBuildConfiguration;
			buildSettings = {
				ALWAYS_SEARCH_USER_PATHS = NO;
				CLANG_ANALYZER_NONNULL = YES;
				CLANG_ANALYZER_NUMBER_OBJECT_CONVERSION = YES_AGGRESSIVE;
				CLANG_CXX_LANGUAGE_STANDARD = "gnu++14";
				CLANG_CXX_LIBRARY = "libc++";
				CLANG_ENABLE_MODULES = YES;
				CLANG_ENABLE_OBJC_ARC = YES;
				CLANG_ENABLE_OBJC_WEAK = YES;
				CLANG_WARN_BLOCK_CAPTURE_AUTORELEASING = YES;
				CLANG_WARN_BOOL_CONVERSION = YES;
				CLANG_WARN_COMMA = YES;
				CLANG_WARN_CONSTANT_CONVERSION = YES;
				CLANG_WARN_DEPRECATED_OBJC_IMPLEMENTATIONS = YES;
				CLANG_WARN_DIRECT_OBJC_ISA_USAGE = YES_ERROR;
				CLANG_WARN_DOCUMENTATION_COMMENTS = YES;
				CLANG_WARN_EMPTY_BODY = YES;
				CLANG_WARN_ENUM_CONVERSION = YES;
				CLANG_WARN_INFINITE_RECURSION = YES;
				CLANG_WARN_INT_CONVERSION = YES;
				CLANG_WARN_NON_LITERAL_NULL_CONVERSION = YES;
				CLANG_WARN_OBJC_IMPLICIT_RETAIN_SELF = YES;
				CLANG_WARN_OBJC_LITERAL_CONVERSION = YES;
				CLANG_WARN_OBJC_ROOT_CLASS = YES_ERROR;
				CLANG_WARN_RANGE_LOOP_ANALYSIS = YES;
				CLANG_WARN_STRICT_PROTOTYPES = YES;
				CLANG_WARN_SUSPICIOUS_MOVE = YES;
				CLANG_WARN_UNGUARDED_AVAILABILITY = YES_AGGRESSIVE;
				CLANG_WARN_UNREACHABLE_CODE = YES;
				CLANG_WARN__DUPLICATE_METHOD_MATCH = YES;
				COPY_PHASE_STRIP = NO;
				DEBUG_INFORMATION_FORMAT = dwarf;
				ENABLE_STRICT_OBJC_MSGSEND = YES;
				ENABLE_TESTABILITY = YES;
				GCC_C_LANGUAGE_STANDARD = gnu11;
				GCC_DYNAMIC_NO_PIC = NO;
				GCC_NO_COMMON_BLOCKS = YES;
				GCC_OPTIMIZATION_LEVEL = 0;
				GCC_PREPROCESSOR_DEFINITIONS = (
					"DEBUG=1",
					"$(inherited)",
				);
				GCC_WARN_64_TO_32_BIT_CONVERSION = YES;
				GCC_WARN_ABOUT_RETURN_TYPE = YES_ERROR;
				GCC_WARN_UNDECLARED_SELECTOR = YES;
				GCC_WARN_UNINITIALIZED_AUTOS = YES_AGGRESSIVE;
				GCC_WARN_UNUSED_FUNCTION = YES;
				GCC_WARN_UNUSED_VARIABLE = YES;
				IPHONEOS_DEPLOYMENT_TARGET = 13.4;
				MTL_ENABLE_DEBUG_INFO = INCLUDE_SOURCE;
				MTL_FAST_MATH = YES;
				ONLY_ACTIVE_ARCH = YES;
				SDKROOT = iphoneos;
				SWIFT_ACTIVE_COMPILATION_CONDITIONS = DEBUG;
				SWIFT_OPTIMIZATION_LEVEL = "-Onone";
			};
			name = Debug;
		};
		8D10DDF024379E8F002C6B30 /* Release */ = {
			isa = XCBuildConfiguration;
			buildSettings = {
				ALWAYS_SEARCH_USER_PATHS = NO;
				CLANG_ANALYZER_NONNULL = YES;
				CLANG_ANALYZER_NUMBER_OBJECT_CONVERSION = YES_AGGRESSIVE;
				CLANG_CXX_LANGUAGE_STANDARD = "gnu++14";
				CLANG_CXX_LIBRARY = "libc++";
				CLANG_ENABLE_MODULES = YES;
				CLANG_ENABLE_OBJC_ARC = YES;
				CLANG_ENABLE_OBJC_WEAK = YES;
				CLANG_WARN_BLOCK_CAPTURE_AUTORELEASING = YES;
				CLANG_WARN_BOOL_CONVERSION = YES;
				CLANG_WARN_COMMA = YES;
				CLANG_WARN_CONSTANT_CONVERSION = YES;
				CLANG_WARN_DEPRECATED_OBJC_IMPLEMENTATIONS = YES;
				CLANG_WARN_DIRECT_OBJC_ISA_USAGE = YES_ERROR;
				CLANG_WARN_DOCUMENTATION_COMMENTS = YES;
				CLANG_WARN_EMPTY_BODY = YES;
				CLANG_WARN_ENUM_CONVERSION = YES;
				CLANG_WARN_INFINITE_RECURSION = YES;
				CLANG_WARN_INT_CONVERSION = YES;
				CLANG_WARN_NON_LITERAL_NULL_CONVERSION = YES;
				CLANG_WARN_OBJC_IMPLICIT_RETAIN_SELF = YES;
				CLANG_WARN_OBJC_LITERAL_CONVERSION = YES;
				CLANG_WARN_OBJC_ROOT_CLASS = YES_ERROR;
				CLANG_WARN_RANGE_LOOP_ANALYSIS = YES;
				CLANG_WARN_STRICT_PROTOTYPES = YES;
				CLANG_WARN_SUSPICIOUS_MOVE = YES;
				CLANG_WARN_UNGUARDED_AVAILABILITY = YES_AGGRESSIVE;
				CLANG_WARN_UNREACHABLE_CODE = YES;
				CLANG_WARN__DUPLICATE_METHOD_MATCH = YES;
				COPY_PHASE_STRIP = NO;
				DEBUG_INFORMATION_FORMAT = "dwarf-with-dsym";
				ENABLE_NS_ASSERTIONS = NO;
				ENABLE_STRICT_OBJC_MSGSEND = YES;
				GCC_C_LANGUAGE_STANDARD = gnu11;
				GCC_NO_COMMON_BLOCKS = YES;
				GCC_WARN_64_TO_32_BIT_CONVERSION = YES;
				GCC_WARN_ABOUT_RETURN_TYPE = YES_ERROR;
				GCC_WARN_UNDECLARED_SELECTOR = YES;
				GCC_WARN_UNINITIALIZED_AUTOS = YES_AGGRESSIVE;
				GCC_WARN_UNUSED_FUNCTION = YES;
				GCC_WARN_UNUSED_VARIABLE = YES;
				IPHONEOS_DEPLOYMENT_TARGET = 13.4;
				MTL_ENABLE_DEBUG_INFO = NO;
				MTL_FAST_MATH = YES;
				SDKROOT = iphoneos;
				SWIFT_COMPILATION_MODE = wholemodule;
				SWIFT_OPTIMIZATION_LEVEL = "-O";
				VALIDATE_PRODUCT = YES;
			};
			name = Release;
		};
		8D10DDF224379E8F002C6B30 /* Debug */ = {
			isa = XCBuildConfiguration;
			buildSettings = {
				ASSETCATALOG_COMPILER_APPICON_NAME = AppIcon;
				CODE_SIGN_STYLE = Automatic;
				DEVELOPMENT_TEAM = XTDG966Y87;
				INFOPLIST_FILE = "Calculator_Excercise_1+2/Info.plist";
				LD_RUNPATH_SEARCH_PATHS = (
					"$(inherited)",
					"@executable_path/Frameworks",
				);
				PRODUCT_BUNDLE_IDENTIFIER = "com.cuongpham.Calculator-Excercise-1-2";
				PRODUCT_NAME = "$(TARGET_NAME)";
				SWIFT_VERSION = 5.0;
				TARGETED_DEVICE_FAMILY = "1,2";
			};
			name = Debug;
		};
		8D10DDF324379E8F002C6B30 /* Release */ = {
			isa = XCBuildConfiguration;
			buildSettings = {
				ASSETCATALOG_COMPILER_APPICON_NAME = AppIcon;
				CODE_SIGN_STYLE = Automatic;
				DEVELOPMENT_TEAM = XTDG966Y87;
				INFOPLIST_FILE = "Calculator_Excercise_1+2/Info.plist";
				LD_RUNPATH_SEARCH_PATHS = (
					"$(inherited)",
					"@executable_path/Frameworks",
				);
				PRODUCT_BUNDLE_IDENTIFIER = "com.cuongpham.Calculator-Excercise-1-2";
				PRODUCT_NAME = "$(TARGET_NAME)";
				SWIFT_VERSION = 5.0;
				TARGETED_DEVICE_FAMILY = "1,2";
			};
			name = Release;
		};
/* End XCBuildConfiguration section */

/* Begin XCConfigurationList section */
		8D10DDD824379E8C002C6B30 /* Build configuration list for PBXProject "Calculator_Excercise_1+2" */ = {
			isa = XCConfigurationList;
			buildConfigurations = (
				8D10DDEF24379E8F002C6B30 /* Debug */,
				8D10DDF024379E8F002C6B30 /* Release */,
			);
			defaultConfigurationIsVisible = 0;
			defaultConfigurationName = Release;
		};
		8D10DDF124379E8F002C6B30 /* Build configuration list for PBXNativeTarget "Calculator_Excercise_1+2" */ = {
			isa = XCConfigurationList;
			buildConfigurations = (
				8D10DDF224379E8F002C6B30 /* Debug */,
				8D10DDF324379E8F002C6B30 /* Release */,
			);
			defaultConfigurationIsVisible = 0;
			defaultConfigurationName = Release;
		};
/* End XCConfigurationList section */
	};
	rootObject = 8D10DDD524379E8C002C6B30 /* Project object */;
}
